<Solution>
  <Folder Name="/Nuget/">
    <File Path="nuget/Dawn.AOT.DLLMain.nuspec" />
    <File Path="nuget/Dawn.AOT.DLLMain.targets" />
  </Folder>
  <Folder Name="/Nuke/">
    <Project Path="build/_build.csproj" />
  </Folder>
  <Folder Name="/Tests/">
    <Project Path="tests/TestTarget/TestTarget.csproj" />
  </Folder>
</Solution>
